{
  "name": "myproject-react",
  "lockfileVersion": 2,
  "requires": true,
  "packages": {
    "": {
      "dependencies": {
        "react-hook-local-web-storage": "^2.0.3",
        "typescript": "^4.7.4"
      }
    },
    "node_modules/react-hook-local-web-storage": {
      "version": "2.0.3",
      "resolved": "https://registry.npmjs.org/react-hook-local-web-storage/-/react-hook-local-web-storage-2.0.3.tgz",
      "integrity": "sha512-NoZv/xMjXjsPr8LCYIruGoIu1hDsGkJUDqxQid/r6n8M2yDMeBuX3h8jcBD+wdOOKU/GPFjjsvs1LgHFWPGlPQ==",
      "peerDependencies": {
        "react": "^16.8.0 || ^17 || ^18"
      }
    },
    "node_modules/typescript": {
      "version": "4.7.4",
      "resolved": "https://registry.npmjs.org/typescript/-/typescript-4.7.4.tgz",
      "integrity": "sha512-C0WQT0gezHuw6AdY1M2jxUO83Rjf0HP7Sk1DtXj6j1EwkQNZrHAg2XPWlq62oqEhYvONq5pkC2Y9oPljWToLmQ==",
      "bin": {
        "tsc": "bin/tsc",
        "tsserver": "bin/tsserver"
      },
      "engines": {
        "node": ">=4.2.0"
      }
    }
  },
  "dependencies": {
    "react-hook-local-web-storage": {
      "version": "2.0.3",
      "resolved": "https://registry.npmjs.org/react-hook-local-web-storage/-/react-hook-local-web-storage-2.0.3.tgz",
      "integrity": "sha512-NoZv/xMjXjsPr8LCYIruGoIu1hDsGkJUDqxQid/r6n8M2yDMeBuX3h8jcBD+wdOOKU/GPFjjsvs1LgHFWPGlPQ=="
    },
    "typescript": {
      "version": "4.7.4",
      "resolved": "https://registry.npmjs.org/typescript/-/typescript-4.7.4.tgz",
      "integrity": "sha512-C0WQT0gezHuw6AdY1M2jxUO83Rjf0HP7Sk1DtXj6j1EwkQNZrHAg2XPWlq62oqEhYvONq5pkC2Y9oPljWToLmQ=="
    }
  }
}
